
Microsoft Visual Studio Solution File, Format Version 12.00
# Visual Studio Version 17
VisualStudioVersion = 17.0.31903.59
MinimumVisualStudioVersion = 10.0.40219.1
Project("{FAE04EC0-301F-11D3-BF4B-00C04F79EFBC}") = "BaleBot.Net", "BaleBot.Net\BaleBot.Net.csproj", "{4D4F5ADA-233D-46C9-9C3F-A548987E558D}"
EndProject
Project("{FAE04EC0-301F-11D3-BF4B-00C04F79EFBC}") = "Sample", "Sample\Sample.csproj", "{C030A8F6-D2B0-4379-B4ED-B6ED540EE1B6}"
EndProject
Global
	GlobalSection(SolutionConfigurationPlatforms) = preSolution
		Debug|Any CPU = Debug|Any CPU
		Release|Any CPU = Release|Any CPU
	EndGlobalSection
	GlobalSection(SolutionProperties) = preSolution
		HideSolutionNode = FALSE
	EndGlobalSection
	GlobalSection(ProjectConfigurationPlatforms) = postSolution
		{4D4F5ADA-233D-46C9-9C3F-A548987E558D}.Debug|Any CPU.ActiveCfg = Debug|Any CPU
		{4D4F5ADA-233D-46C9-9C3F-A548987E558D}.Debug|Any CPU.Build.0 = Debug|Any CPU
		{4D4F5ADA-233D-46C9-9C3F-A548987E558D}.Release|Any CPU.ActiveCfg = Release|Any CPU
		{4D4F5ADA-233D-46C9-9C3F-A548987E558D}.Release|Any CPU.Build.0 = Release|Any CPU
		{C030A8F6-D2B0-4379-B4ED-B6ED540EE1B6}.Debug|Any CPU.ActiveCfg = Debug|Any CPU
		{C030A8F6-D2B0-4379-B4ED-B6ED540EE1B6}.Debug|Any CPU.Build.0 = Debug|Any CPU
		{C030A8F6-D2B0-4379-B4ED-B6ED540EE1B6}.Release|Any CPU.ActiveCfg = Release|Any CPU
		{C030A8F6-D2B0-4379-B4ED-B6ED540EE1B6}.Release|Any CPU.Build.0 = Release|Any CPU
	EndGlobalSection
EndGlobal
